<?xml version="1.0" encoding="utf-8"?>
<Project ToolsVersion="4.0" xmlns="http://schemas.microsoft.com/developer/msbuild/2003">
  <ItemGroup>
    <Filter Include="Core Files">
      <UniqueIdentifier>{4FC737F1-C7A5-4376-A066-2A32D752A2FF}</UniqueIdentifier>
      <Extensions>cpp;c;cc;cxx;def;odl;idl;hpj;bat;asm;asmx</Extensions>
    </Filter>
    <Filter Include="Project Files">
      <UniqueIdentifier>{67DA6AB6-F800-4c08-8B7A-83BB121AAD01}</UniqueIdentifier>
      <Extensions>rc;ico;cur;bmp;dlg;rc2;rct;bin;rgs;gif;jpg;jpeg;jpe;resx;tiff;tif;png;wav;mfcribbon-ms</Extensions>
    </Filter>
    <Filter Include="Project Files\Entity">
      <UniqueIdentifier>{40783f7e-7209-4f68-a7f3-d1ac0373e26f}</UniqueIdentifier>
    </Filter>
    <Filter Include="Project Files\Resources">
      <UniqueIdentifier>{1dfe4342-6be6-4409-882c-0be570cfe509}</UniqueIdentifier>
    </Filter>
    <Filter Include="Project Files\Scenes">
      <UniqueIdentifier>{02562356-f8a1-4941-a9e3-e477c59f85f2}</UniqueIdentifier>
    </Filter>
    <Filter Include="Project Files\Entity\Base Stuff">
      <UniqueIdentifier>{c4001b3f-e41f-425f-bfd9-5f8d5c5701f5}</UniqueIdentifier>
    </Filter>
  </ItemGroup>
  <ItemGroup>
    <ClCompile Include="src\Grid.cpp">
      <Filter>Core Files</Filter>
    </ClCompile>
    <ClCompile Include="src\Random.cpp">
      <Filter>Core Files</Filter>
    </ClCompile>
    <ClCompile Include="src\Scene.cpp">
      <Filter>Core Files</Filter>
    </ClCompile>
    <ClCompile Include="src\Utility.cpp">
      <Filter>Core Files</Filter>
    </ClCompile>
    <ClCompile Include="Main.cpp">
      <Filter>Project Files</Filter>
    </ClCompile>
    <ClCompile Include="src\AABB.cpp">
      <Filter>Core Files</Filter>
    </ClCompile>
    <ClCompile Include="src\MenuList.cpp">
      <Filter>Core Files</Filter>
    </ClCompile>
    <ClCompile Include="src\ImageManager.cpp">
      <Filter>Project Files\Resources</Filter>
    </ClCompile>
    <ClCompile Include="src\LoseScene.cpp">
      <Filter>Project Files\Scenes</Filter>
    </ClCompile>
    <ClCompile Include="src\PopAnim.cpp">
      <Filter>Project Files\Resources</Filter>
    </ClCompile>
    <ClCompile Include="src\ShootScene.cpp">
      <Filter>Project Files\Scenes</Filter>
    </ClCompile>
    <ClCompile Include="src\Entity.cpp">
      <Filter>Project Files\Entity\Base Stuff</Filter>
    </ClCompile>
    <ClCompile Include="src\EntityComponents.cpp">
      <Filter>Project Files\Entity\Base Stuff</Filter>
    </ClCompile>
    <ClCompile Include="src\Factory.cpp">
      <Filter>Project Files\Entity\Base Stuff</Filter>
    </ClCompile>
    <ClCompile Include="src\Icon.cpp">
      <Filter>Project Files\Entity\Base Stuff</Filter>
    </ClCompile>
    <ClCompile Include="src\PlayerEnt.cpp">
      <Filter>Project Files\Entity</Filter>
    </ClCompile>
    <ClCompile Include="src\EnemyEnts.cpp">
      <Filter>Project Files\Entity</Filter>
    </ClCompile>
    <ClCompile Include="src\Level.cpp">
      <Filter>Project Files</Filter>
    </ClCompile>
    <ClCompile Include="src\SpawnQueue.cpp">
      <Filter>Project Files</Filter>
    </ClCompile>
    <ClCompile Include="src\BinaryFile.cpp">
      <Filter>Core Files</Filter>
    </ClCompile>
    <ClCompile Include="src\BinarySave.cpp">
      <Filter>Core Files</Filter>
    </ClCompile>
    <ClCompile Include="src\Service.cpp">
      <Filter>Project Files</Filter>
    </ClCompile>
    <ClCompile Include="src\AudioService.cpp">
      <Filter>Project Files\Resources</Filter>
    </ClCompile>
    <ClCompile Include="src\MenuScene.cpp">
      <Filter>Project Files\Scenes</Filter>
    </ClCompile>
    <ClCompile Include="src\BossEnt.cpp">
      <Filter>Project Files\Entity\Base Stuff</Filter>
    </ClCompile>
  </ItemGroup>
  <ItemGroup>
    <ClInclude Include="src\Grid.h">
      <Filter>Core Files</Filter>
    </ClInclude>
    <ClInclude Include="src\Random.h">
      <Filter>Core Files</Filter>
    </ClInclude>
    <ClInclude Include="src\Scene.h">
      <Filter>Core Files</Filter>
    </ClInclude>
    <ClInclude Include="src\Utility.h">
      <Filter>Core Files</Filter>
    </ClInclude>
    <ClInclude Include="src\AABB.h">
      <Filter>Core Files</Filter>
    </ClInclude>
    <ClInclude Include="src\MenuList.h">
      <Filter>Core Files</Filter>
    </ClInclude>
    <ClInclude Include="src\ImageManager.h">
      <Filter>Project Files\Resources</Filter>
    </ClInclude>
    <ClInclude Include="src\LoseScene.h">
      <Filter>Project Files\Scenes</Filter>
    </ClInclude>
    <ClInclude Include="src\PopAnim.h">
      <Filter>Project Files\Resources</Filter>
    </ClInclude>
    <ClInclude Include="src\ShootScene.h">
      <Filter>Project Files\Scenes</Filter>
    </ClInclude>
    <ClInclude Include="src\Icon.h">
      <Filter>Project Files\Entity\Base Stuff</Filter>
    </ClInclude>
    <ClInclude Include="src\Entity.h">
      <Filter>Project Files\Entity\Base Stuff</Filter>
    </ClInclude>
    <ClInclude Include="src\EntityComponents.h">
      <Filter>Project Files\Entity\Base Stuff</Filter>
    </ClInclude>
    <ClInclude Include="src\Factory.h">
      <Filter>Project Files\Entity\Base Stuff</Filter>
    </ClInclude>
    <ClInclude Include="src\PlayerEnt.h">
      <Filter>Project Files\Entity</Filter>
    </ClInclude>
    <ClInclude Include="src\EnemyEnts.h">
      <Filter>Project Files\Entity</Filter>
    </ClInclude>
    <ClInclude Include="src\Level.h">
      <Filter>Project Files</Filter>
    </ClInclude>
    <ClInclude Include="src\SpawnQueue.h">
      <Filter>Project Files</Filter>
    </ClInclude>
    <ClInclude Include="src\BinaryFile.h">
      <Filter>Core Files</Filter>
    </ClInclude>
    <ClInclude Include="src\BinarySave.h">
      <Filter>Core Files</Filter>
    </ClInclude>
    <ClInclude Include="src\Service.h">
      <Filter>Project Files</Filter>
    </ClInclude>
    <ClInclude Include="src\AudioService.h">
      <Filter>Project Files\Resources</Filter>
    </ClInclude>
    <ClInclude Include="src\MenuScene.h">
      <Filter>Project Files\Scenes</Filter>
    </ClInclude>
    <ClInclude Include="src\BossEnt.h">
      <Filter>Project Files\Entity</Filter>
    </ClInclude>
  </ItemGroup>
  <ItemGroup>
    <Text Include="ToDo.txt" />
  </ItemGroup>
</Project>